
Microsoft Visual Studio Solution File, Format Version 12.00
# Visual Studio Version 16
VisualStudioVersion = 16.6.30114.105
MinimumVisualStudioVersion = 10.0.40219.1
Project("{FAE04EC0-301F-11D3-BF4B-00C04F79EFBC}") = "API", "API\API.csproj", "{5A699EB4-AF33-4CDA-B360-176EE856E498}"
EndProject
Project("{FAE04EC0-301F-11D3-BF4B-00C04F79EFBC}") = "Application", "Application\Application.csproj", "{68CBA5DB-9FB5-4CD5-91C0-F93549301BC8}"
EndProject
Project("{FAE04EC0-301F-11D3-BF4B-00C04F79EFBC}") = "Persistence", "Persistence\Persistence.csproj", "{3706062A-9826-41CA-B4DB-7F19A1E5ECB3}"
EndProject
Project("{FAE04EC0-301F-11D3-BF4B-00C04F79EFBC}") = "Domain", "Domain\Domain.csproj", "{80C55532-4305-4842-8595-DB827148694E}"
EndProject
Global
	GlobalSection(SolutionConfigurationPlatforms) = preSolution
		Debug|Any CPU = Debug|Any CPU
		Debug|x64 = Debug|x64
		Debug|x86 = Debug|x86
		Release|Any CPU = Release|Any CPU
		Release|x64 = Release|x64
		Release|x86 = Release|x86
	EndGlobalSection
	GlobalSection(SolutionProperties) = preSolution
		HideSolutionNode = FALSE
	EndGlobalSection
	GlobalSection(ProjectConfigurationPlatforms) = postSolution
		{5A699EB4-AF33-4CDA-B360-176EE856E498}.Debug|Any CPU.ActiveCfg = Debug|Any CPU
		{5A699EB4-AF33-4CDA-B360-176EE856E498}.Debug|Any CPU.Build.0 = Debug|Any CPU
		{5A699EB4-AF33-4CDA-B360-176EE856E498}.Debug|x64.ActiveCfg = Debug|Any CPU
		{5A699EB4-AF33-4CDA-B360-176EE856E498}.Debug|x64.Build.0 = Debug|Any CPU
		{5A699EB4-AF33-4CDA-B360-176EE856E498}.Debug|x86.ActiveCfg = Debug|Any CPU
		{5A699EB4-AF33-4CDA-B360-176EE856E498}.Debug|x86.Build.0 = Debug|Any CPU
		{5A699EB4-AF33-4CDA-B360-176EE856E498}.Release|Any CPU.ActiveCfg = Release|Any CPU
		{5A699EB4-AF33-4CDA-B360-176EE856E498}.Release|Any CPU.Build.0 = Release|Any CPU
		{5A699EB4-AF33-4CDA-B360-176EE856E498}.Release|x64.ActiveCfg = Release|Any CPU
		{5A699EB4-AF33-4CDA-B360-176EE856E498}.Release|x64.Build.0 = Release|Any CPU
		{5A699EB4-AF33-4CDA-B360-176EE856E498}.Release|x86.ActiveCfg = Release|Any CPU
		{5A699EB4-AF33-4CDA-B360-176EE856E498}.Release|x86.Build.0 = Release|Any CPU
		{68CBA5DB-9FB5-4CD5-91C0-F93549301BC8}.Debug|Any CPU.ActiveCfg = Debug|Any CPU
		{68CBA5DB-9FB5-4CD5-91C0-F93549301BC8}.Debug|Any CPU.Build.0 = Debug|Any CPU
		{68CBA5DB-9FB5-4CD5-91C0-F93549301BC8}.Debug|x64.ActiveCfg = Debug|Any CPU
		{68CBA5DB-9FB5-4CD5-91C0-F93549301BC8}.Debug|x64.Build.0 = Debug|Any CPU
		{68CBA5DB-9FB5-4CD5-91C0-F93549301BC8}.Debug|x86.ActiveCfg = Debug|Any CPU
		{68CBA5DB-9FB5-4CD5-91C0-F93549301BC8}.Debug|x86.Build.0 = Debug|Any CPU
		{68CBA5DB-9FB5-4CD5-91C0-F93549301BC8}.Release|Any CPU.ActiveCfg = Release|Any CPU
		{68CBA5DB-9FB5-4CD5-91C0-F93549301BC8}.Release|Any CPU.Build.0 = Release|Any CPU
		{68CBA5DB-9FB5-4CD5-91C0-F93549301BC8}.Release|x64.ActiveCfg = Release|Any CPU
		{68CBA5DB-9FB5-4CD5-91C0-F93549301BC8}.Release|x64.Build.0 = Release|Any CPU
		{68CBA5DB-9FB5-4CD5-91C0-F93549301BC8}.Release|x86.ActiveCfg = Release|Any CPU
		{68CBA5DB-9FB5-4CD5-91C0-F93549301BC8}.Release|x86.Build.0 = Release|Any CPU
		{3706062A-9826-41CA-B4DB-7F19A1E5ECB3}.Debug|Any CPU.ActiveCfg = Debug|Any CPU
		{3706062A-9826-41CA-B4DB-7F19A1E5ECB3}.Debug|Any CPU.Build.0 = Debug|Any CPU
		{3706062A-9826-41CA-B4DB-7F19A1E5ECB3}.Debug|x64.ActiveCfg = Debug|Any CPU
		{3706062A-9826-41CA-B4DB-7F19A1E5ECB3}.Debug|x64.Build.0 = Debug|Any CPU
		{3706062A-9826-41CA-B4DB-7F19A1E5ECB3}.Debug|x86.ActiveCfg = Debug|Any CPU
		{3706062A-9826-41CA-B4DB-7F19A1E5ECB3}.Debug|x86.Build.0 = Debug|Any CPU
		{3706062A-9826-41CA-B4DB-7F19A1E5ECB3}.Release|Any CPU.ActiveCfg = Release|Any CPU
		{3706062A-9826-41CA-B4DB-7F19A1E5ECB3}.Release|Any CPU.Build.0 = Release|Any CPU
		{3706062A-9826-41CA-B4DB-7F19A1E5ECB3}.Release|x64.ActiveCfg = Release|Any CPU
		{3706062A-9826-41CA-B4DB-7F19A1E5ECB3}.Release|x64.Build.0 = Release|Any CPU
		{3706062A-9826-41CA-B4DB-7F19A1E5ECB3}.Release|x86.ActiveCfg = Release|Any CPU
		{3706062A-9826-41CA-B4DB-7F19A1E5ECB3}.Release|x86.Build.0 = Release|Any CPU
		{80C55532-4305-4842-8595-DB827148694E}.Debug|Any CPU.ActiveCfg = Debug|Any CPU
		{80C55532-4305-4842-8595-DB827148694E}.Debug|Any CPU.Build.0 = Debug|Any CPU
		{80C55532-4305-4842-8595-DB827148694E}.Debug|x64.ActiveCfg = Debug|Any CPU
		{80C55532-4305-4842-8595-DB827148694E}.Debug|x64.Build.0 = Debug|Any CPU
		{80C55532-4305-4842-8595-DB827148694E}.Debug|x86.ActiveCfg = Debug|Any CPU
		{80C55532-4305-4842-8595-DB827148694E}.Debug|x86.Build.0 = Debug|Any CPU
		{80C55532-4305-4842-8595-DB827148694E}.Release|Any CPU.ActiveCfg = Release|Any CPU
		{80C55532-4305-4842-8595-DB827148694E}.Release|Any CPU.Build.0 = Release|Any CPU
		{80C55532-4305-4842-8595-DB827148694E}.Release|x64.ActiveCfg = Release|Any CPU
		{80C55532-4305-4842-8595-DB827148694E}.Release|x64.Build.0 = Release|Any CPU
		{80C55532-4305-4842-8595-DB827148694E}.Release|x86.ActiveCfg = Release|Any CPU
		{80C55532-4305-4842-8595-DB827148694E}.Release|x86.Build.0 = Release|Any CPU
	EndGlobalSection
EndGlobal
